{
  "name": "orca-transition-skill",
  "version": "1.0.0",
  "lockfileVersion": 3,
  "requires": true,
  "packages": {
    "": {
      "name": "orca-transition-skill",
      "version": "1.0.0",
      "license": "MIT",
      "dependencies": {
        "gsap": "3.15.0",
        "playwright-core": "1.63.0",
        "reveal.js": "6.0.2"
      }
    },
    "node_modules/gsap": {
      "version": "3.15.0",
      "resolved": "https://registry.npmmirror.com/gsap/-/gsap-3.15.0.tgz",
      "integrity": "sha512-dMW4CWBTUK1AEEDeZc1g4xpPGIrSf9fJF960qbTZmN/QwZIWY5wgliS6JWl9/25fpTGJrMRtSjGtOmPnfjZB+A==",
      "license": "Standard 'no charge' license: https://gsap.com/standard-license."
    },
    "node_modules/playwright-core": {
      "version": "1.63.0",
      "resolved": "https://registry.npmmirror.com/playwright-core/-/playwright-core-1.63.0.tgz",
      "integrity": "sha512-rYCsBF/M5HjUch52bbtVONEFjv6Xu8sm8h72dNlR5bzIE1fvC/bxgspzkjSfU+MweEMmPM8KJebG6nnyxo5mCg==",
      "license": "Apache-2.0",
      "bin": {
        "playwright-core": "cli.js"
      },
      "engines": {
        "node": ">=20"
      }
    },
    "node_modules/reveal.js": {
      "version": "6.0.2",
      "resolved": "https://registry.npmmirror.com/reveal.js/-/reveal.js-6.0.2.tgz",
      "integrity": "sha512-JYIg5D9aoxoaLeb84O+OvAwsKWdIavVgEDScxtYEXFCT6t6TQrhNtSgogcjdCpdLsWglhJn3zyE3fUOwiH5KEg==",
      "license": "MIT"
    }
  }
}
